
Microsoft Visual Studio Solution File, Format Version 12.00
# Visual Studio Version 17
VisualStudioVersion = 17.7.34024.191
MinimumVisualStudioVersion = 10.0.40219.1
Project("{FAE04EC0-301F-11D3-BF4B-00C04F79EFBC}") = "MedeniyetinApp", "MedeniyetinApp.csproj", "{8646EC20-69CD-4F51-B663-625B48BAFF1D}"
EndProject
Global
	GlobalSection(SolutionConfigurationPlatforms) = preSolution
		Debug|Any CPU = Debug|Any CPU
		Release|Any CPU = Release|Any CPU
	EndGlobalSection
	GlobalSection(ProjectConfigurationPlatforms) = postSolution
		{8646EC20-69CD-4F51-B663-625B48BAFF1D}.Debug|Any CPU.ActiveCfg = Debug|Any CPU
		{8646EC20-69CD-4F51-B663-625B48BAFF1D}.Debug|Any CPU.Build.0 = Debug|Any CPU
		{8646EC20-69CD-4F51-B663-625B48BAFF1D}.Release|Any CPU.ActiveCfg = Release|Any CPU
		{8646EC20-69CD-4F51-B663-625B48BAFF1D}.Release|Any CPU.Build.0 = Release|Any CPU
	EndGlobalSection
	GlobalSection(SolutionProperties) = preSolution
		HideSolutionNode = FALSE
	EndGlobalSection
	GlobalSection(ExtensibilityGlobals) = postSolution
		SolutionGuid = {E53EB609-4A64-491A-A88E-5771A0681622}
	EndGlobalSection
EndGlobal
